
Microsoft Visual Studio Solution File, Format Version 12.00
# Visual Studio 15
VisualStudioVersion = 15.0.26730.12
MinimumVisualStudioVersion = 10.0.40219.1
Project("{FAE04EC0-301F-11D3-BF4B-00C04F79EFBC}") = "KebApi", "KebApi\KebApi.csproj", "{2FCEE207-5CA1-447A-9729-34DFF721AF0B}"
EndProject
Global
	GlobalSection(SolutionConfigurationPlatforms) = preSolution
		Debug|Any CPU = Debug|Any CPU
		Release|Any CPU = Release|Any CPU
	EndGlobalSection
	GlobalSection(ProjectConfigurationPlatforms) = postSolution
		{2FCEE207-5CA1-447A-9729-34DFF721AF0B}.Debug|Any CPU.ActiveCfg = Debug|Any CPU
		{2FCEE207-5CA1-447A-9729-34DFF721AF0B}.Debug|Any CPU.Build.0 = Debug|Any CPU
		{2FCEE207-5CA1-447A-9729-34DFF721AF0B}.Release|Any CPU.ActiveCfg = Release|Any CPU
		{2FCEE207-5CA1-447A-9729-34DFF721AF0B}.Release|Any CPU.Build.0 = Release|Any CPU
	EndGlobalSection
	GlobalSection(SolutionProperties) = preSolution
		HideSolutionNode = FALSE
	EndGlobalSection
	GlobalSection(ExtensibilityGlobals) = postSolution
		SolutionGuid = {040E6CDB-98B9-45F6-BB8D-BE6A40BD0515}
	EndGlobalSection
EndGlobal
